Microsoft Visual Studio Solution File, Format Version 11.00
# Visual Studio 2008

Project("{C620E492-F86A-6219-03E9-FD7AAE64A67A}") = "FinalExamProject", "Assembly-CSharp.csproj", "{2BF294B7-9DCE-B02F-777F-2D0FB334FA92}"
EndProject
Project("{C620E492-F86A-6219-03E9-FD7AAE64A67A}") = "FinalExamProject", "Assembly-CSharp-Editor.csproj", "{32870FE3-5B9C-B576-9023-EDC7A20368F8}"
EndProject
Global
	GlobalSection(SolutionConfigurationPlatforms) = preSolution
		Debug|Any CPU = Debug|Any CPU
		Release|Any CPU = Release|Any CPU
	EndGlobalSection
	GlobalSection(ProjectConfigurationPlatforms) = postSolution
		{2BF294B7-9DCE-B02F-777F-2D0FB334FA92}.Debug|Any CPU.ActiveCfg = Debug|Any CPU
		{2BF294B7-9DCE-B02F-777F-2D0FB334FA92}.Debug|Any CPU.Build.0 = Debug|Any CPU
		{2BF294B7-9DCE-B02F-777F-2D0FB334FA92}.Release|Any CPU.ActiveCfg = Release|Any CPU
		{2BF294B7-9DCE-B02F-777F-2D0FB334FA92}.Release|Any CPU.Build.0 = Release|Any CPU
		{32870FE3-5B9C-B576-9023-EDC7A20368F8}.Debug|Any CPU.ActiveCfg = Debug|Any CPU
		{32870FE3-5B9C-B576-9023-EDC7A20368F8}.Debug|Any CPU.Build.0 = Debug|Any CPU
		{32870FE3-5B9C-B576-9023-EDC7A20368F8}.Release|Any CPU.ActiveCfg = Release|Any CPU
		{32870FE3-5B9C-B576-9023-EDC7A20368F8}.Release|Any CPU.Build.0 = Release|Any CPU
	EndGlobalSection
	GlobalSection(SolutionProperties) = preSolution
		HideSolutionNode = FALSE
	EndGlobalSection
												GlobalSection(MonoDevelopProperties) = preSolution
		StartupItem = Assembly-CSharp.csproj
		Policies = $0
		$0.TextStylePolicy = $1
		$1.inheritsSet = null
		$1.scope = text/x-csharp
		$0.CSharpFormattingPolicy = $2
		$2.inheritsSet = Mono
		$2.inheritsScope = text/x-csharp
		$2.scope = text/x-csharp
		$0.TextStylePolicy = $3
		$3.FileWidth = 120
		$3.TabWidth = 4
		$3.IndentWidth = 4
		$3.EolMarker = Unix
		$3.inheritsSet = Mono
		$3.inheritsScope = text/plain
		$3.scope = text/plain
	EndGlobalSection

EndGlobal
